
Microsoft Visual Studio Solution File, Format Version 12.00
# Visual Studio 14
VisualStudioVersion = 14.0.25420.1
MinimumVisualStudioVersion = 10.0.40219.1
Project("{FAE04EC0-301F-11D3-BF4B-00C04F79EFBC}") = "BitflyerApi", "BitflyerApi\BitflyerApi.csproj", "{22016997-3D06-4CCF-899C-E25C9A1DBA06}"
EndProject
Project("{FAE04EC0-301F-11D3-BF4B-00C04F79EFBC}") = "BitflyerApiSample", "BitflyerApiSample\BitflyerApiSample.csproj", "{88910493-3B85-4E18-AD81-230574B02AD5}"
EndProject
Global
	GlobalSection(SolutionConfigurationPlatforms) = preSolution
		Debug|Any CPU = Debug|Any CPU
		Release|Any CPU = Release|Any CPU
	EndGlobalSection
	GlobalSection(ProjectConfigurationPlatforms) = postSolution
		{22016997-3D06-4CCF-899C-E25C9A1DBA06}.Debug|Any CPU.ActiveCfg = Debug|Any CPU
		{22016997-3D06-4CCF-899C-E25C9A1DBA06}.Debug|Any CPU.Build.0 = Debug|Any CPU
		{22016997-3D06-4CCF-899C-E25C9A1DBA06}.Release|Any CPU.ActiveCfg = Release|Any CPU
		{22016997-3D06-4CCF-899C-E25C9A1DBA06}.Release|Any CPU.Build.0 = Release|Any CPU
		{88910493-3B85-4E18-AD81-230574B02AD5}.Debug|Any CPU.ActiveCfg = Debug|Any CPU
		{88910493-3B85-4E18-AD81-230574B02AD5}.Debug|Any CPU.Build.0 = Debug|Any CPU
		{88910493-3B85-4E18-AD81-230574B02AD5}.Release|Any CPU.ActiveCfg = Release|Any CPU
		{88910493-3B85-4E18-AD81-230574B02AD5}.Release|Any CPU.Build.0 = Release|Any CPU
	EndGlobalSection
	GlobalSection(SolutionProperties) = preSolution
		HideSolutionNode = FALSE
	EndGlobalSection
EndGlobal
